
Microsoft Visual Studio Solution File, Format Version 12.00
# Visual Studio Version 16
VisualStudioVersion = 25.0.1705.7
MinimumVisualStudioVersion = 10.0.40219.1
Project("{FAE04EC0-301F-11D3-BF4B-00C04F79EFBC}") = "MIPEventTool", "MIPEventTool\MIPEventTool.csproj", "{ABEFB689-8FEF-455D-B385-3AE72EF80CEE}"
EndProject
Global
	GlobalSection(SolutionConfigurationPlatforms) = preSolution
		Debug|Any CPU = Debug|Any CPU
		Release|Any CPU = Release|Any CPU
	EndGlobalSection
	GlobalSection(ProjectConfigurationPlatforms) = postSolution
		{ABEFB689-8FEF-455D-B385-3AE72EF80CEE}.Debug|Any CPU.ActiveCfg = Debug|Any CPU
		{ABEFB689-8FEF-455D-B385-3AE72EF80CEE}.Debug|Any CPU.Build.0 = Debug|Any CPU
		{ABEFB689-8FEF-455D-B385-3AE72EF80CEE}.Release|Any CPU.ActiveCfg = Release|Any CPU
		{ABEFB689-8FEF-455D-B385-3AE72EF80CEE}.Release|Any CPU.Build.0 = Release|Any CPU
	EndGlobalSection
	GlobalSection(SolutionProperties) = preSolution
		HideSolutionNode = FALSE
	EndGlobalSection
	GlobalSection(ExtensibilityGlobals) = postSolution
		SolutionGuid = {D623988C-9308-4E24-809C-6D6ADC5DA982}
	EndGlobalSection
EndGlobal
